
Microsoft Visual Studio Solution File, Format Version 12.00
# Visual Studio Version 17
VisualStudioVersion = 17.14.36623.8 d17.14
MinimumVisualStudioVersion = 10.0.40219.1
Project("{FAE04EC0-301F-11D3-BF4B-00C04F79EFBC}") = "Laba18_MAUI", "Laba18_MAUI.csproj", "{99D57B99-509D-4B80-BEF4-0601349FA947}"
EndProject
Global
	GlobalSection(SolutionConfigurationPlatforms) = preSolution
		Debug|Any CPU = Debug|Any CPU
		Release|Any CPU = Release|Any CPU
	EndGlobalSection
	GlobalSection(ProjectConfigurationPlatforms) = postSolution
		{99D57B99-509D-4B80-BEF4-0601349FA947}.Debug|Any CPU.ActiveCfg = Debug|Any CPU
		{99D57B99-509D-4B80-BEF4-0601349FA947}.Debug|Any CPU.Build.0 = Debug|Any CPU
		{99D57B99-509D-4B80-BEF4-0601349FA947}.Release|Any CPU.ActiveCfg = Release|Any CPU
		{99D57B99-509D-4B80-BEF4-0601349FA947}.Release|Any CPU.Build.0 = Release|Any CPU
	EndGlobalSection
	GlobalSection(SolutionProperties) = preSolution
		HideSolutionNode = FALSE
	EndGlobalSection
	GlobalSection(ExtensibilityGlobals) = postSolution
		SolutionGuid = {BDDFD063-8B46-41AF-9FBF-8AC2E2867728}
	EndGlobalSection
EndGlobal
